
Microsoft Visual Studio Solution File, Format Version 12.00
# Visual Studio Version 17
VisualStudioVersion = 17.14.36811.4
MinimumVisualStudioVersion = 10.0.40219.1
Project("{FAE04EC0-301F-11D3-BF4B-00C04F79EFBC}") = "Relatio", "Relatio.csproj", "{8B17B38B-0E40-49BA-891A-F402DF649FDC}"
EndProject
Project("{2150E333-8FDC-42A3-9474-1A3956D46DE8}") = "src", "src", "{827E0CD3-B72D-47B6-A68D-7590B98EB39B}"
EndProject
Project("{FAE04EC0-301F-11D3-BF4B-00C04F79EFBC}") = "Relatio.Shared", "src\Relatio.Shared\Relatio.Shared.csproj", "{EE1A294F-459A-4C2A-B772-FAD636BDBFF4}"
EndProject
Project("{FAE04EC0-301F-11D3-BF4B-00C04F79EFBC}") = "Relatio.Customers.Domain", "src\Modules\Customers\Relatio.Customers.Domain\Relatio.Customers.Domain.csproj", "{EA4DA45A-8E19-43DC-B88F-0E3BB0841609}"
EndProject
Project("{FAE04EC0-301F-11D3-BF4B-00C04F79EFBC}") = "Relatio.Customers.Application", "src\Modules\Customers\Relatio.Customers.Application\Relatio.Customers.Application.csproj", "{D8D75E35-07D1-46C1-A8F3-7B8DD76899E9}"
EndProject
Project("{FAE04EC0-301F-11D3-BF4B-00C04F79EFBC}") = "Relatio.Customers.Infrastructure", "src\Modules\Customers\Relatio.Customers.Infrastructure\Relatio.Customers.Infrastructure.csproj", "{19E7F23B-2E34-4531-92D1-65C16B46C83C}"
EndProject
Project("{FAE04EC0-301F-11D3-BF4B-00C04F79EFBC}") = "Relatio.Customers.Api", "src\Modules\Customers\Relatio.Customers.Api\Relatio.Customers.Api.csproj", "{9017B84A-FB9B-48A7-B6B9-DA2C6EDD688F}"
EndProject
Project("{FAE04EC0-301F-11D3-BF4B-00C04F79EFBC}") = "Relatio.Contacts.Domain", "src\Modules\Contacts\Relatio.Contacts.Domain\Relatio.Contacts.Domain.csproj", "{32C364CC-3C71-4DC3-9A80-5A0B908BF0AB}"
EndProject
Project("{FAE04EC0-301F-11D3-BF4B-00C04F79EFBC}") = "Relatio.Contacts.Application", "src\Modules\Contacts\Relatio.Contacts.Application\Relatio.Contacts.Application.csproj", "{1E4C900E-35D7-406D-AFA1-5DE6EE605B03}"
EndProject
Project("{FAE04EC0-301F-11D3-BF4B-00C04F79EFBC}") = "Relatio.Contacts.Infrastructure", "src\Modules\Contacts\Relatio.Contacts.Infrastructure\Relatio.Contacts.Infrastructure.csproj", "{A4889049-A7D8-4775-BCF6-B62561A753DD}"
EndProject
Project("{FAE04EC0-301F-11D3-BF4B-00C04F79EFBC}") = "Relatio.Contacts.Api", "src\Modules\Contacts\Relatio.Contacts.Api\Relatio.Contacts.Api.csproj", "{C38C2055-C3AF-4440-B637-089EAD05F200}"
EndProject
Project("{FAE04EC0-301F-11D3-BF4B-00C04F79EFBC}") = "Relatio.Sales.Domain", "src\Modules\Sales\Relatio.Sales.Domain\Relatio.Sales.Domain.csproj", "{CC9BED82-A368-403C-BFA9-44E1DEB53753}"
EndProject
Project("{FAE04EC0-301F-11D3-BF4B-00C04F79EFBC}") = "Relatio.Sales.Application", "src\Modules\Sales\Relatio.Sales.Application\Relatio.Sales.Application.csproj", "{741382EA-06F5-4108-AFD1-A6815ADB593C}"
EndProject
Project("{FAE04EC0-301F-11D3-BF4B-00C04F79EFBC}") = "Relatio.Sales.Infrastructure", "src\Modules\Sales\Relatio.Sales.Infrastructure\Relatio.Sales.Infrastructure.csproj", "{700AC723-F2B1-4363-AFFE-E8B506A7A501}"
EndProject
Project("{FAE04EC0-301F-11D3-BF4B-00C04F79EFBC}") = "Relatio.Sales.Api", "src\Modules\Sales\Relatio.Sales.Api\Relatio.Sales.Api.csproj", "{6272BDB4-536B-403D-87F2-74D6F2DD77F6}"
EndProject
Project("{FAE04EC0-301F-11D3-BF4B-00C04F79EFBC}") = "Relatio.Tasks.Domain", "src\Modules\Tasks\Relatio.Tasks.Domain\Relatio.Tasks.Domain.csproj", "{12941F6A-B567-48DA-AF36-9758C48CAC2A}"
EndProject
Project("{FAE04EC0-301F-11D3-BF4B-00C04F79EFBC}") = "Relatio.Tasks.Application", "src\Modules\Tasks\Relatio.Tasks.Application\Relatio.Tasks.Application.csproj", "{19612DB8-EB55-4B3C-8670-CFEDE54D1C51}"
EndProject
Project("{FAE04EC0-301F-11D3-BF4B-00C04F79EFBC}") = "Relatio.Tasks.Infrastructure", "src\Modules\Tasks\Relatio.Tasks.Infrastructure\Relatio.Tasks.Infrastructure.csproj", "{F5AF0D39-C370-4809-B0A1-CB5F7DFFC1E5}"
EndProject
Project("{FAE04EC0-301F-11D3-BF4B-00C04F79EFBC}") = "Relatio.Tasks.Api", "src\Modules\Tasks\Relatio.Tasks.Api\Relatio.Tasks.Api.csproj", "{AB37FEB1-A76D-48A4-B8CA-36098976C10E}"
EndProject
Project("{FAE04EC0-301F-11D3-BF4B-00C04F79EFBC}") = "Relatio.Customers.Tests", "tests\Relatio.Customers.Tests\Relatio.Customers.Tests.csproj", "{77115778-AD8D-4E4B-B85C-00BC71A001BA}"
EndProject
Project("{FAE04EC0-301F-11D3-BF4B-00C04F79EFBC}") = "Relatio.Contacts.Tests", "tests\Relatio.Contacts.Tests\Relatio.Contacts.Tests.csproj", "{9442C419-A68F-4D69-BCBF-0F160DEBEECE}"
EndProject
Project("{FAE04EC0-301F-11D3-BF4B-00C04F79EFBC}") = "Relatio.Sales.Tests", "tests\Relatio.Sales.Tests\Relatio.Sales.Tests.csproj", "{6D56761C-208A-484D-8660-6997A660D49E}"
EndProject
Project("{FAE04EC0-301F-11D3-BF4B-00C04F79EFBC}") = "Relatio.Tasks.Tests", "tests\Relatio.Tasks.Tests\Relatio.Tasks.Tests.csproj", "{12AD21CE-AD1D-4543-9F6F-3971618DA554}"
EndProject
Project("{2150E333-8FDC-42A3-9474-1A3956D46DE8}") = "Modules", "Modules", "{EC447DCF-ABFA-6E24-52A5-D7FD48A5C558}"
EndProject
Project("{2150E333-8FDC-42A3-9474-1A3956D46DE8}") = "Identity", "Identity", "{0EC62A1A-9858-3A60-8A0C-FC9AACFA2EC7}"
EndProject
Project("{FAE04EC0-301F-11D3-BF4B-00C04F79EFBC}") = "Relatio.Identity.Domain", "src\Modules\Identity\Relatio.Identity.Domain\Relatio.Identity.Domain.csproj", "{DD0FD3AE-27D0-44E1-886B-DD4AE2351483}"
EndProject
Project("{FAE04EC0-301F-11D3-BF4B-00C04F79EFBC}") = "Relatio.Identity.Application", "src\Modules\Identity\Relatio.Identity.Application\Relatio.Identity.Application.csproj", "{1205995C-E25B-40F7-BC97-317DB06A40CE}"
EndProject
Project("{FAE04EC0-301F-11D3-BF4B-00C04F79EFBC}") = "Relatio.Identity.Infrastructure", "src\Modules\Identity\Relatio.Identity.Infrastructure\Relatio.Identity.Infrastructure.csproj", "{F7A41A23-1E89-46EF-8428-3001CC6C604B}"
EndProject
Project("{FAE04EC0-301F-11D3-BF4B-00C04F79EFBC}") = "Relatio.Identity.Api", "src\Modules\Identity\Relatio.Identity.Api\Relatio.Identity.Api.csproj", "{D1596633-B22A-42FD-A28D-B68359C6585E}"
EndProject
Project("{2150E333-8FDC-42A3-9474-1A3956D46DE8}") = "tests", "tests", "{0AB3BF05-4346-4AA6-1389-037BE0695223}"
EndProject
Project("{FAE04EC0-301F-11D3-BF4B-00C04F79EFBC}") = "Relatio.Identity.Tests", "tests\Relatio.Identity.Tests\Relatio.Identity.Tests.csproj", "{9112BC42-4CC9-41B4-8AA3-9602B546503C}"
EndProject
Project("{FAE04EC0-301F-11D3-BF4B-00C04F79EFBC}") = "Relatio.Sales.Host", "src\Modules\Sales\Relatio.Sales.Host\Relatio.Sales.Host.csproj", "{E2369E73-00CA-4EFE-A8E2-8D9832F356F2}"
EndProject
Project("{2150E333-8FDC-42A3-9474-1A3956D46DE8}") = "Customers", "Customers", "{7AD5252A-36DB-2D73-68F8-483A9FC97FCA}"
EndProject
Project("{FAE04EC0-301F-11D3-BF4B-00C04F79EFBC}") = "Relatio.Customers.Host", "src\Modules\Customers\Relatio.Customers.Host\Relatio.Customers.Host.csproj", "{CFCACD82-6A4C-49CE-B610-6A6DDE45178B}"
EndProject
Project("{FAE04EC0-301F-11D3-BF4B-00C04F79EFBC}") = "Relatio.Identity.Host", "src\Modules\Identity\Relatio.Identity.Host\Relatio.Identity.Host.csproj", "{6F34E842-8E7A-4109-85B6-E6F9298BB570}"
EndProject
Project("{2150E333-8FDC-42A3-9474-1A3956D46DE8}") = "Contacts", "Contacts", "{A5184081-C298-9467-D182-E9016AE72437}"
EndProject
Project("{FAE04EC0-301F-11D3-BF4B-00C04F79EFBC}") = "Relatio.Contacts.Host", "src\Modules\Contacts\Relatio.Contacts.Host\Relatio.Contacts.Host.csproj", "{4D1C85F5-56AE-48FB-8A7D-22B8BC852175}"
EndProject
Project("{2150E333-8FDC-42A3-9474-1A3956D46DE8}") = "Tasks", "Tasks", "{4C6BDAE4-8D09-3162-71E4-914813D2EA71}"
EndProject
Project("{FAE04EC0-301F-11D3-BF4B-00C04F79EFBC}") = "Relatio.Tasks.Host", "src\Modules\Tasks\Relatio.Tasks.Host\Relatio.Tasks.Host.csproj", "{D40BCEAF-8616-4240-8F6B-7BB196FC9A5E}"
EndProject
Global
	GlobalSection(SolutionConfigurationPlatforms) = preSolution
		Debug|Any CPU = Debug|Any CPU
		Debug|x64 = Debug|x64
		Debug|x86 = Debug|x86
		Release|Any CPU = Release|Any CPU
		Release|x64 = Release|x64
		Release|x86 = Release|x86
	EndGlobalSection
	GlobalSection(ProjectConfigurationPlatforms) = postSolution
		{8B17B38B-0E40-49BA-891A-F402DF649FDC}.Debug|Any CPU.ActiveCfg = Debug|Any CPU
		{8B17B38B-0E40-49BA-891A-F402DF649FDC}.Debug|Any CPU.Build.0 = Debug|Any CPU
		{8B17B38B-0E40-49BA-891A-F402DF649FDC}.Debug|x64.ActiveCfg = Debug|Any CPU
		{8B17B38B-0E40-49BA-891A-F402DF649FDC}.Debug|x64.Build.0 = Debug|Any CPU
		{8B17B38B-0E40-49BA-891A-F402DF649FDC}.Debug|x86.ActiveCfg = Debug|Any CPU
		{8B17B38B-0E40-49BA-891A-F402DF649FDC}.Debug|x86.Build.0 = Debug|Any CPU
		{8B17B38B-0E40-49BA-891A-F402DF649FDC}.Release|Any CPU.ActiveCfg = Release|Any CPU
		{8B17B38B-0E40-49BA-891A-F402DF649FDC}.Release|Any CPU.Build.0 = Release|Any CPU
		{8B17B38B-0E40-49BA-891A-F402DF649FDC}.Release|x64.ActiveCfg = Release|Any CPU
		{8B17B38B-0E40-49BA-891A-F402DF649FDC}.Release|x64.Build.0 = Release|Any CPU
		{8B17B38B-0E40-49BA-891A-F402DF649FDC}.Release|x86.ActiveCfg = Release|Any CPU
		{8B17B38B-0E40-49BA-891A-F402DF649FDC}.Release|x86.Build.0 = Release|Any CPU
		{EE1A294F-459A-4C2A-B772-FAD636BDBFF4}.Debug|Any CPU.ActiveCfg = Debug|Any CPU
		{EE1A294F-459A-4C2A-B772-FAD636BDBFF4}.Debug|Any CPU.Build.0 = Debug|Any CPU
		{EE1A294F-459A-4C2A-B772-FAD636BDBFF4}.Debug|x64.ActiveCfg = Debug|Any CPU
		{EE1A294F-459A-4C2A-B772-FAD636BDBFF4}.Debug|x64.Build.0 = Debug|Any CPU
		{EE1A294F-459A-4C2A-B772-FAD636BDBFF4}.Debug|x86.ActiveCfg = Debug|Any CPU
		{EE1A294F-459A-4C2A-B772-FAD636BDBFF4}.Debug|x86.Build.0 = Debug|Any CPU
		{EE1A294F-459A-4C2A-B772-FAD636BDBFF4}.Release|Any CPU.ActiveCfg = Release|Any CPU
		{EE1A294F-459A-4C2A-B772-FAD636BDBFF4}.Release|Any CPU.Build.0 = Release|Any CPU
		{EE1A294F-459A-4C2A-B772-FAD636BDBFF4}.Release|x64.ActiveCfg = Release|Any CPU
		{EE1A294F-459A-4C2A-B772-FAD636BDBFF4}.Release|x64.Build.0 = Release|Any CPU
		{EE1A294F-459A-4C2A-B772-FAD636BDBFF4}.Release|x86.ActiveCfg = Release|Any CPU
		{EE1A294F-459A-4C2A-B772-FAD636BDBFF4}.Release|x86.Build.0 = Release|Any CPU
		{EA4DA45A-8E19-43DC-B88F-0E3BB0841609}.Debug|Any CPU.ActiveCfg = Debug|Any CPU
		{EA4DA45A-8E19-43DC-B88F-0E3BB0841609}.Debug|Any CPU.Build.0 = Debug|Any CPU
		{EA4DA45A-8E19-43DC-B88F-0E3BB0841609}.Debug|x64.ActiveCfg = Debug|Any CPU
		{EA4DA45A-8E19-43DC-B88F-0E3BB0841609}.Debug|x64.Build.0 = Debug|Any CPU
		{EA4DA45A-8E19-43DC-B88F-0E3BB0841609}.Debug|x86.ActiveCfg = Debug|Any CPU
		{EA4DA45A-8E19-43DC-B88F-0E3BB0841609}.Debug|x86.Build.0 = Debug|Any CPU
		{EA4DA45A-8E19-43DC-B88F-0E3BB0841609}.Release|Any CPU.ActiveCfg = Release|Any CPU
		{EA4DA45A-8E19-43DC-B88F-0E3BB0841609}.Release|Any CPU.Build.0 = Release|Any CPU
		{EA4DA45A-8E19-43DC-B88F-0E3BB0841609}.Release|x64.ActiveCfg = Release|Any CPU
		{EA4DA45A-8E19-43DC-B88F-0E3BB0841609}.Release|x64.Build.0 = Release|Any CPU
		{EA4DA45A-8E19-43DC-B88F-0E3BB0841609}.Release|x86.ActiveCfg = Release|Any CPU
		{EA4DA45A-8E19-43DC-B88F-0E3BB0841609}.Release|x86.Build.0 = Release|Any CPU
		{D8D75E35-07D1-46C1-A8F3-7B8DD76899E9}.Debug|Any CPU.ActiveCfg = Debug|Any CPU
		{D8D75E35-07D1-46C1-A8F3-7B8DD76899E9}.Debug|Any CPU.Build.0 = Debug|Any CPU
		{D8D75E35-07D1-46C1-A8F3-7B8DD76899E9}.Debug|x64.ActiveCfg = Debug|Any CPU
		{D8D75E35-07D1-46C1-A8F3-7B8DD76899E9}.Debug|x64.Build.0 = Debug|Any CPU
		{D8D75E35-07D1-46C1-A8F3-7B8DD76899E9}.Debug|x86.ActiveCfg = Debug|Any CPU
		{D8D75E35-07D1-46C1-A8F3-7B8DD76899E9}.Debug|x86.Build.0 = Debug|Any CPU
		{D8D75E35-07D1-46C1-A8F3-7B8DD76899E9}.Release|Any CPU.ActiveCfg = Release|Any CPU
		{D8D75E35-07D1-46C1-A8F3-7B8DD76899E9}.Release|Any CPU.Build.0 = Release|Any CPU
		{D8D75E35-07D1-46C1-A8F3-7B8DD76899E9}.Release|x64.ActiveCfg = Release|Any CPU
		{D8D75E35-07D1-46C1-A8F3-7B8DD76899E9}.Release|x64.Build.0 = Release|Any CPU
		{D8D75E35-07D1-46C1-A8F3-7B8DD76899E9}.Release|x86.ActiveCfg = Release|Any CPU
		{D8D75E35-07D1-46C1-A8F3-7B8DD76899E9}.Release|x86.Build.0 = Release|Any CPU
		{19E7F23B-2E34-4531-92D1-65C16B46C83C}.Debug|Any CPU.ActiveCfg = Debug|Any CPU
		{19E7F23B-2E34-4531-92D1-65C16B46C83C}.Debug|Any CPU.Build.0 = Debug|Any CPU
		{19E7F23B-2E34-4531-92D1-65C16B46C83C}.Debug|x64.ActiveCfg = Debug|Any CPU
		{19E7F23B-2E34-4531-92D1-65C16B46C83C}.Debug|x64.Build.0 = Debug|Any CPU
		{19E7F23B-2E34-4531-92D1-65C16B46C83C}.Debug|x86.ActiveCfg = Debug|Any CPU
		{19E7F23B-2E34-4531-92D1-65C16B46C83C}.Debug|x86.Build.0 = Debug|Any CPU
		{19E7F23B-2E34-4531-92D1-65C16B46C83C}.Release|Any CPU.ActiveCfg = Release|Any CPU
		{19E7F23B-2E34-4531-92D1-65C16B46C83C}.Release|Any CPU.Build.0 = Release|Any CPU
		{19E7F23B-2E34-4531-92D1-65C16B46C83C}.Release|x64.ActiveCfg = Release|Any CPU
		{19E7F23B-2E34-4531-92D1-65C16B46C83C}.Release|x64.Build.0 = Release|Any CPU
		{19E7F23B-2E34-4531-92D1-65C16B46C83C}.Release|x86.ActiveCfg = Release|Any CPU
		{19E7F23B-2E34-4531-92D1-65C16B46C83C}.Release|x86.Build.0 = Release|Any CPU
		{9017B84A-FB9B-48A7-B6B9-DA2C6EDD688F}.Debug|Any CPU.ActiveCfg = Debug|Any CPU
		{9017B84A-FB9B-48A7-B6B9-DA2C6EDD688F}.Debug|Any CPU.Build.0 = Debug|Any CPU
		{9017B84A-FB9B-48A7-B6B9-DA2C6EDD688F}.Debug|x64.ActiveCfg = Debug|Any CPU
		{9017B84A-FB9B-48A7-B6B9-DA2C6EDD688F}.Debug|x64.Build.0 = Debug|Any CPU
		{9017B84A-FB9B-48A7-B6B9-DA2C6EDD688F}.Debug|x86.ActiveCfg = Debug|Any CPU
		{9017B84A-FB9B-48A7-B6B9-DA2C6EDD688F}.Debug|x86.Build.0 = Debug|Any CPU
		{9017B84A-FB9B-48A7-B6B9-DA2C6EDD688F}.Release|Any CPU.ActiveCfg = Release|Any CPU
		{9017B84A-FB9B-48A7-B6B9-DA2C6EDD688F}.Release|Any CPU.Build.0 = Release|Any CPU
		{9017B84A-FB9B-48A7-B6B9-DA2C6EDD688F}.Release|x64.ActiveCfg = Release|Any CPU
		{9017B84A-FB9B-48A7-B6B9-DA2C6EDD688F}.Release|x64.Build.0 = Release|Any CPU
		{9017B84A-FB9B-48A7-B6B9-DA2C6EDD688F}.Release|x86.ActiveCfg = Release|Any CPU
		{9017B84A-FB9B-48A7-B6B9-DA2C6EDD688F}.Release|x86.Build.0 = Release|Any CPU
		{32C364CC-3C71-4DC3-9A80-5A0B908BF0AB}.Debug|Any CPU.ActiveCfg = Debug|Any CPU
		{32C364CC-3C71-4DC3-9A80-5A0B908BF0AB}.Debug|Any CPU.Build.0 = Debug|Any CPU
		{32C364CC-3C71-4DC3-9A80-5A0B908BF0AB}.Debug|x64.ActiveCfg = Debug|Any CPU
		{32C364CC-3C71-4DC3-9A80-5A0B908BF0AB}.Debug|x64.Build.0 = Debug|Any CPU
		{32C364CC-3C71-4DC3-9A80-5A0B908BF0AB}.Debug|x86.ActiveCfg = Debug|Any CPU
		{32C364CC-3C71-4DC3-9A80-5A0B908BF0AB}.Debug|x86.Build.0 = Debug|Any CPU
		{32C364CC-3C71-4DC3-9A80-5A0B908BF0AB}.Release|Any CPU.ActiveCfg = Release|Any CPU
		{32C364CC-3C71-4DC3-9A80-5A0B908BF0AB}.Release|Any CPU.Build.0 = Release|Any CPU
		{32C364CC-3C71-4DC3-9A80-5A0B908BF0AB}.Release|x64.ActiveCfg = Release|Any CPU
		{32C364CC-3C71-4DC3-9A80-5A0B908BF0AB}.Release|x64.Build.0 = Release|Any CPU
		{32C364CC-3C71-4DC3-9A80-5A0B908BF0AB}.Release|x86.ActiveCfg = Release|Any CPU
		{32C364CC-3C71-4DC3-9A80-5A0B908BF0AB}.Release|x86.Build.0 = Release|Any CPU
		{1E4C900E-35D7-406D-AFA1-5DE6EE605B03}.Debug|Any CPU.ActiveCfg = Debug|Any CPU
		{1E4C900E-35D7-406D-AFA1-5DE6EE605B03}.Debug|Any CPU.Build.0 = Debug|Any CPU
		{1E4C900E-35D7-406D-AFA1-5DE6EE605B03}.Debug|x64.ActiveCfg = Debug|Any CPU
		{1E4C900E-35D7-406D-AFA1-5DE6EE605B03}.Debug|x64.Build.0 = Debug|Any CPU
		{1E4C900E-35D7-406D-AFA1-5DE6EE605B03}.Debug|x86.ActiveCfg = Debug|Any CPU
		{1E4C900E-35D7-406D-AFA1-5DE6EE605B03}.Debug|x86.Build.0 = Debug|Any CPU
		{1E4C900E-35D7-406D-AFA1-5DE6EE605B03}.Release|Any CPU.ActiveCfg = Release|Any CPU
		{1E4C900E-35D7-406D-AFA1-5DE6EE605B03}.Release|Any CPU.Build.0 = Release|Any CPU
		{1E4C900E-35D7-406D-AFA1-5DE6EE605B03}.Release|x64.ActiveCfg = Release|Any CPU
		{1E4C900E-35D7-406D-AFA1-5DE6EE605B03}.Release|x64.Build.0 = Release|Any CPU
		{1E4C900E-35D7-406D-AFA1-5DE6EE605B03}.Release|x86.ActiveCfg = Release|Any CPU
		{1E4C900E-35D7-406D-AFA1-5DE6EE605B03}.Release|x86.Build.0 = Release|Any CPU
		{A4889049-A7D8-4775-BCF6-B62561A753DD}.Debug|Any CPU.ActiveCfg = Debug|Any CPU
		{A4889049-A7D8-4775-BCF6-B62561A753DD}.Debug|Any CPU.Build.0 = Debug|Any CPU
		{A4889049-A7D8-4775-BCF6-B62561A753DD}.Debug|x64.ActiveCfg = Debug|Any CPU
		{A4889049-A7D8-4775-BCF6-B62561A753DD}.Debug|x64.Build.0 = Debug|Any CPU
		{A4889049-A7D8-4775-BCF6-B62561A753DD}.Debug|x86.ActiveCfg = Debug|Any CPU
		{A4889049-A7D8-4775-BCF6-B62561A753DD}.Debug|x86.Build.0 = Debug|Any CPU
		{A4889049-A7D8-4775-BCF6-B62561A753DD}.Release|Any CPU.ActiveCfg = Release|Any CPU
		{A4889049-A7D8-4775-BCF6-B62561A753DD}.Release|Any CPU.Build.0 = Release|Any CPU
		{A4889049-A7D8-4775-BCF6-B62561A753DD}.Release|x64.ActiveCfg = Release|Any CPU
		{A4889049-A7D8-4775-BCF6-B62561A753DD}.Release|x64.Build.0 = Release|Any CPU
		{A4889049-A7D8-4775-BCF6-B62561A753DD}.Release|x86.ActiveCfg = Release|Any CPU
		{A4889049-A7D8-4775-BCF6-B62561A753DD}.Release|x86.Build.0 = Release|Any CPU
		{C38C2055-C3AF-4440-B637-089EAD05F200}.Debug|Any CPU.ActiveCfg = Debug|Any CPU
		{C38C2055-C3AF-4440-B637-089EAD05F200}.Debug|Any CPU.Build.0 = Debug|Any CPU
		{C38C2055-C3AF-4440-B637-089EAD05F200}.Debug|x64.ActiveCfg = Debug|Any CPU
		{C38C2055-C3AF-4440-B637-089EAD05F200}.Debug|x64.Build.0 = Debug|Any CPU
		{C38C2055-C3AF-4440-B637-089EAD05F200}.Debug|x86.ActiveCfg = Debug|Any CPU
		{C38C2055-C3AF-4440-B637-089EAD05F200}.Debug|x86.Build.0 = Debug|Any CPU
		{C38C2055-C3AF-4440-B637-089EAD05F200}.Release|Any CPU.ActiveCfg = Release|Any CPU
		{C38C2055-C3AF-4440-B637-089EAD05F200}.Release|Any CPU.Build.0 = Release|Any CPU
		{C38C2055-C3AF-4440-B637-089EAD05F200}.Release|x64.ActiveCfg = Release|Any CPU
		{C38C2055-C3AF-4440-B637-089EAD05F200}.Release|x64.Build.0 = Release|Any CPU
		{C38C2055-C3AF-4440-B637-089EAD05F200}.Release|x86.ActiveCfg = Release|Any CPU
		{C38C2055-C3AF-4440-B637-089EAD05F200}.Release|x86.Build.0 = Release|Any CPU
		{CC9BED82-A368-403C-BFA9-44E1DEB53753}.Debug|Any CPU.ActiveCfg = Debug|Any CPU
		{CC9BED82-A368-403C-BFA9-44E1DEB53753}.Debug|Any CPU.Build.0 = Debug|Any CPU
		{CC9BED82-A368-403C-BFA9-44E1DEB53753}.Debug|x64.ActiveCfg = Debug|Any CPU
		{CC9BED82-A368-403C-BFA9-44E1DEB53753}.Debug|x64.Build.0 = Debug|Any CPU
		{CC9BED82-A368-403C-BFA9-44E1DEB53753}.Debug|x86.ActiveCfg = Debug|Any CPU
		{CC9BED82-A368-403C-BFA9-44E1DEB53753}.Debug|x86.Build.0 = Debug|Any CPU
		{CC9BED82-A368-403C-BFA9-44E1DEB53753}.Release|Any CPU.ActiveCfg = Release|Any CPU
		{CC9BED82-A368-403C-BFA9-44E1DEB53753}.Release|Any CPU.Build.0 = Release|Any CPU
		{CC9BED82-A368-403C-BFA9-44E1DEB53753}.Release|x64.ActiveCfg = Release|Any CPU
		{CC9BED82-A368-403C-BFA9-44E1DEB53753}.Release|x64.Build.0 = Release|Any CPU
		{CC9BED82-A368-403C-BFA9-44E1DEB53753}.Release|x86.ActiveCfg = Release|Any CPU
		{CC9BED82-A368-403C-BFA9-44E1DEB53753}.Release|x86.Build.0 = Release|Any CPU
		{741382EA-06F5-4108-AFD1-A6815ADB593C}.Debug|Any CPU.ActiveCfg = Debug|Any CPU
		{741382EA-06F5-4108-AFD1-A6815ADB593C}.Debug|Any CPU.Build.0 = Debug|Any CPU
		{741382EA-06F5-4108-AFD1-A6815ADB593C}.Debug|x64.ActiveCfg = Debug|Any CPU
		{741382EA-06F5-4108-AFD1-A6815ADB593C}.Debug|x64.Build.0 = Debug|Any CPU
		{741382EA-06F5-4108-AFD1-A6815ADB593C}.Debug|x86.ActiveCfg = Debug|Any CPU
		{741382EA-06F5-4108-AFD1-A6815ADB593C}.Debug|x86.Build.0 = Debug|Any CPU
		{741382EA-06F5-4108-AFD1-A6815ADB593C}.Release|Any CPU.ActiveCfg = Release|Any CPU
		{741382EA-06F5-4108-AFD1-A6815ADB593C}.Release|Any CPU.Build.0 = Release|Any CPU
		{741382EA-06F5-4108-AFD1-A6815ADB593C}.Release|x64.ActiveCfg = Release|Any CPU
		{741382EA-06F5-4108-AFD1-A6815ADB593C}.Release|x64.Build.0 = Release|Any CPU
		{741382EA-06F5-4108-AFD1-A6815ADB593C}.Release|x86.ActiveCfg = Release|Any CPU
		{741382EA-06F5-4108-AFD1-A6815ADB593C}.Release|x86.Build.0 = Release|Any CPU
		{700AC723-F2B1-4363-AFFE-E8B506A7A501}.Debug|Any CPU.ActiveCfg = Debug|Any CPU
		{700AC723-F2B1-4363-AFFE-E8B506A7A501}.Debug|Any CPU.Build.0 = Debug|Any CPU
		{700AC723-F2B1-4363-AFFE-E8B506A7A501}.Debug|x64.ActiveCfg = Debug|Any CPU
		{700AC723-F2B1-4363-AFFE-E8B506A7A501}.Debug|x64.Build.0 = Debug|Any CPU
		{700AC723-F2B1-4363-AFFE-E8B506A7A501}.Debug|x86.ActiveCfg = Debug|Any CPU
		{700AC723-F2B1-4363-AFFE-E8B506A7A501}.Debug|x86.Build.0 = Debug|Any CPU
		{700AC723-F2B1-4363-AFFE-E8B506A7A501}.Release|Any CPU.ActiveCfg = Release|Any CPU
		{700AC723-F2B1-4363-AFFE-E8B506A7A501}.Release|Any CPU.Build.0 = Release|Any CPU
		{700AC723-F2B1-4363-AFFE-E8B506A7A501}.Release|x64.ActiveCfg = Release|Any CPU
		{700AC723-F2B1-4363-AFFE-E8B506A7A501}.Release|x64.Build.0 = Release|Any CPU
		{700AC723-F2B1-4363-AFFE-E8B506A7A501}.Release|x86.ActiveCfg = Release|Any CPU
		{700AC723-F2B1-4363-AFFE-E8B506A7A501}.Release|x86.Build.0 = Release|Any CPU
		{6272BDB4-536B-403D-87F2-74D6F2DD77F6}.Debug|Any CPU.ActiveCfg = Debug|Any CPU
		{6272BDB4-536B-403D-87F2-74D6F2DD77F6}.Debug|Any CPU.Build.0 = Debug|Any CPU
		{6272BDB4-536B-403D-87F2-74D6F2DD77F6}.Debug|x64.ActiveCfg = Debug|Any CPU
		{6272BDB4-536B-403D-87F2-74D6F2DD77F6}.Debug|x64.Build.0 = Debug|Any CPU
		{6272BDB4-536B-403D-87F2-74D6F2DD77F6}.Debug|x86.ActiveCfg = Debug|Any CPU
		{6272BDB4-536B-403D-87F2-74D6F2DD77F6}.Debug|x86.Build.0 = Debug|Any CPU
		{6272BDB4-536B-403D-87F2-74D6F2DD77F6}.Release|Any CPU.ActiveCfg = Release|Any CPU
		{6272BDB4-536B-403D-87F2-74D6F2DD77F6}.Release|Any CPU.Build.0 = Release|Any CPU
		{6272BDB4-536B-403D-87F2-74D6F2DD77F6}.Release|x64.ActiveCfg = Release|Any CPU
		{6272BDB4-536B-403D-87F2-74D6F2DD77F6}.Release|x64.Build.0 = Release|Any CPU
		{6272BDB4-536B-403D-87F2-74D6F2DD77F6}.Release|x86.ActiveCfg = Release|Any CPU
		{6272BDB4-536B-403D-87F2-74D6F2DD77F6}.Release|x86.Build.0 = Release|Any CPU
		{12941F6A-B567-48DA-AF36-9758C48CAC2A}.Debug|Any CPU.ActiveCfg = Debug|Any CPU
		{12941F6A-B567-48DA-AF36-9758C48CAC2A}.Debug|Any CPU.Build.0 = Debug|Any CPU
		{12941F6A-B567-48DA-AF36-9758C48CAC2A}.Debug|x64.ActiveCfg = Debug|Any CPU
		{12941F6A-B567-48DA-AF36-9758C48CAC2A}.Debug|x64.Build.0 = Debug|Any CPU
		{12941F6A-B567-48DA-AF36-9758C48CAC2A}.Debug|x86.ActiveCfg = Debug|Any CPU
		{12941F6A-B567-48DA-AF36-9758C48CAC2A}.Debug|x86.Build.0 = Debug|Any CPU
		{12941F6A-B567-48DA-AF36-9758C48CAC2A}.Release|Any CPU.ActiveCfg = Release|Any CPU
		{12941F6A-B567-48DA-AF36-9758C48CAC2A}.Release|Any CPU.Build.0 = Release|Any CPU
		{12941F6A-B567-48DA-AF36-9758C48CAC2A}.Release|x64.ActiveCfg = Release|Any CPU
		{12941F6A-B567-48DA-AF36-9758C48CAC2A}.Release|x64.Build.0 = Release|Any CPU
		{12941F6A-B567-48DA-AF36-9758C48CAC2A}.Release|x86.ActiveCfg = Release|Any CPU
		{12941F6A-B567-48DA-AF36-9758C48CAC2A}.Release|x86.Build.0 = Release|Any CPU
		{19612DB8-EB55-4B3C-8670-CFEDE54D1C51}.Debug|Any CPU.ActiveCfg = Debug|Any CPU
		{19612DB8-EB55-4B3C-8670-CFEDE54D1C51}.Debug|Any CPU.Build.0 = Debug|Any CPU
		{19612DB8-EB55-4B3C-8670-CFEDE54D1C51}.Debug|x64.ActiveCfg = Debug|Any CPU
		{19612DB8-EB55-4B3C-8670-CFEDE54D1C51}.Debug|x64.Build.0 = Debug|Any CPU
		{19612DB8-EB55-4B3C-8670-CFEDE54D1C51}.Debug|x86.ActiveCfg = Debug|Any CPU
		{19612DB8-EB55-4B3C-8670-CFEDE54D1C51}.Debug|x86.Build.0 = Debug|Any CPU
		{19612DB8-EB55-4B3C-8670-CFEDE54D1C51}.Release|Any CPU.ActiveCfg = Release|Any CPU
		{19612DB8-EB55-4B3C-8670-CFEDE54D1C51}.Release|Any CPU.Build.0 = Release|Any CPU
		{19612DB8-EB55-4B3C-8670-CFEDE54D1C51}.Release|x64.ActiveCfg = Release|Any CPU
		{19612DB8-EB55-4B3C-8670-CFEDE54D1C51}.Release|x64.Build.0 = Release|Any CPU
		{19612DB8-EB55-4B3C-8670-CFEDE54D1C51}.Release|x86.ActiveCfg = Release|Any CPU
		{19612DB8-EB55-4B3C-8670-CFEDE54D1C51}.Release|x86.Build.0 = Release|Any CPU
		{F5AF0D39-C370-4809-B0A1-CB5F7DFFC1E5}.Debug|Any CPU.ActiveCfg = Debug|Any CPU
		{F5AF0D39-C370-4809-B0A1-CB5F7DFFC1E5}.Debug|Any CPU.Build.0 = Debug|Any CPU
		{F5AF0D39-C370-4809-B0A1-CB5F7DFFC1E5}.Debug|x64.ActiveCfg = Debug|Any CPU
		{F5AF0D39-C370-4809-B0A1-CB5F7DFFC1E5}.Debug|x64.Build.0 = Debug|Any CPU
		{F5AF0D39-C370-4809-B0A1-CB5F7DFFC1E5}.Debug|x86.ActiveCfg = Debug|Any CPU
		{F5AF0D39-C370-4809-B0A1-CB5F7DFFC1E5}.Debug|x86.Build.0 = Debug|Any CPU
		{F5AF0D39-C370-4809-B0A1-CB5F7DFFC1E5}.Release|Any CPU.ActiveCfg = Release|Any CPU
		{F5AF0D39-C370-4809-B0A1-CB5F7DFFC1E5}.Release|Any CPU.Build.0 = Release|Any CPU
		{F5AF0D39-C370-4809-B0A1-CB5F7DFFC1E5}.Release|x64.ActiveCfg = Release|Any CPU
		{F5AF0D39-C370-4809-B0A1-CB5F7DFFC1E5}.Release|x64.Build.0 = Release|Any CPU
		{F5AF0D39-C370-4809-B0A1-CB5F7DFFC1E5}.Release|x86.ActiveCfg = Release|Any CPU
		{F5AF0D39-C370-4809-B0A1-CB5F7DFFC1E5}.Release|x86.Build.0 = Release|Any CPU
		{AB37FEB1-A76D-48A4-B8CA-36098976C10E}.Debug|Any CPU.ActiveCfg = Debug|Any CPU
		{AB37FEB1-A76D-48A4-B8CA-36098976C10E}.Debug|Any CPU.Build.0 = Debug|Any CPU
		{AB37FEB1-A76D-48A4-B8CA-36098976C10E}.Debug|x64.ActiveCfg = Debug|Any CPU
		{AB37FEB1-A76D-48A4-B8CA-36098976C10E}.Debug|x64.Build.0 = Debug|Any CPU
		{AB37FEB1-A76D-48A4-B8CA-36098976C10E}.Debug|x86.ActiveCfg = Debug|Any CPU
		{AB37FEB1-A76D-48A4-B8CA-36098976C10E}.Debug|x86.Build.0 = Debug|Any CPU
		{AB37FEB1-A76D-48A4-B8CA-36098976C10E}.Release|Any CPU.ActiveCfg = Release|Any CPU
		{AB37FEB1-A76D-48A4-B8CA-36098976C10E}.Release|Any CPU.Build.0 = Release|Any CPU
		{AB37FEB1-A76D-48A4-B8CA-36098976C10E}.Release|x64.ActiveCfg = Release|Any CPU
		{AB37FEB1-A76D-48A4-B8CA-36098976C10E}.Release|x64.Build.0 = Release|Any CPU
		{AB37FEB1-A76D-48A4-B8CA-36098976C10E}.Release|x86.ActiveCfg = Release|Any CPU
		{AB37FEB1-A76D-48A4-B8CA-36098976C10E}.Release|x86.Build.0 = Release|Any CPU
		{77115778-AD8D-4E4B-B85C-00BC71A001BA}.Debug|Any CPU.ActiveCfg = Debug|Any CPU
		{77115778-AD8D-4E4B-B85C-00BC71A001BA}.Debug|Any CPU.Build.0 = Debug|Any CPU
		{77115778-AD8D-4E4B-B85C-00BC71A001BA}.Debug|x64.ActiveCfg = Debug|Any CPU
		{77115778-AD8D-4E4B-B85C-00BC71A001BA}.Debug|x64.Build.0 = Debug|Any CPU
		{77115778-AD8D-4E4B-B85C-00BC71A001BA}.Debug|x86.ActiveCfg = Debug|Any CPU
		{77115778-AD8D-4E4B-B85C-00BC71A001BA}.Debug|x86.Build.0 = Debug|Any CPU
		{77115778-AD8D-4E4B-B85C-00BC71A001BA}.Release|Any CPU.ActiveCfg = Release|Any CPU
		{77115778-AD8D-4E4B-B85C-00BC71A001BA}.Release|Any CPU.Build.0 = Release|Any CPU
		{77115778-AD8D-4E4B-B85C-00BC71A001BA}.Release|x64.ActiveCfg = Release|Any CPU
		{77115778-AD8D-4E4B-B85C-00BC71A001BA}.Release|x64.Build.0 = Release|Any CPU
		{77115778-AD8D-4E4B-B85C-00BC71A001BA}.Release|x86.ActiveCfg = Release|Any CPU
		{77115778-AD8D-4E4B-B85C-00BC71A001BA}.Release|x86.Build.0 = Release|Any CPU
		{9442C419-A68F-4D69-BCBF-0F160DEBEECE}.Debug|Any CPU.ActiveCfg = Debug|Any CPU
		{9442C419-A68F-4D69-BCBF-0F160DEBEECE}.Debug|Any CPU.Build.0 = Debug|Any CPU
		{9442C419-A68F-4D69-BCBF-0F160DEBEECE}.Debug|x64.ActiveCfg = Debug|Any CPU
		{9442C419-A68F-4D69-BCBF-0F160DEBEECE}.Debug|x64.Build.0 = Debug|Any CPU
		{9442C419-A68F-4D69-BCBF-0F160DEBEECE}.Debug|x86.ActiveCfg = Debug|Any CPU
		{9442C419-A68F-4D69-BCBF-0F160DEBEECE}.Debug|x86.Build.0 = Debug|Any CPU
		{9442C419-A68F-4D69-BCBF-0F160DEBEECE}.Release|Any CPU.ActiveCfg = Release|Any CPU
		{9442C419-A68F-4D69-BCBF-0F160DEBEECE}.Release|Any CPU.Build.0 = Release|Any CPU
		{9442C419-A68F-4D69-BCBF-0F160DEBEECE}.Release|x64.ActiveCfg = Release|Any CPU
		{9442C419-A68F-4D69-BCBF-0F160DEBEECE}.Release|x64.Build.0 = Release|Any CPU
		{9442C419-A68F-4D69-BCBF-0F160DEBEECE}.Release|x86.ActiveCfg = Release|Any CPU
		{9442C419-A68F-4D69-BCBF-0F160DEBEECE}.Release|x86.Build.0 = Release|Any CPU
		{6D56761C-208A-484D-8660-6997A660D49E}.Debug|Any CPU.ActiveCfg = Debug|Any CPU
		{6D56761C-208A-484D-8660-6997A660D49E}.Debug|Any CPU.Build.0 = Debug|Any CPU
		{6D56761C-208A-484D-8660-6997A660D49E}.Debug|x64.ActiveCfg = Debug|Any CPU
		{6D56761C-208A-484D-8660-6997A660D49E}.Debug|x64.Build.0 = Debug|Any CPU
		{6D56761C-208A-484D-8660-6997A660D49E}.Debug|x86.ActiveCfg = Debug|Any CPU
		{6D56761C-208A-484D-8660-6997A660D49E}.Debug|x86.Build.0 = Debug|Any CPU
		{6D56761C-208A-484D-8660-6997A660D49E}.Release|Any CPU.ActiveCfg = Release|Any CPU
		{6D56761C-208A-484D-8660-6997A660D49E}.Release|Any CPU.Build.0 = Release|Any CPU
		{6D56761C-208A-484D-8660-6997A660D49E}.Release|x64.ActiveCfg = Release|Any CPU
		{6D56761C-208A-484D-8660-6997A660D49E}.Release|x64.Build.0 = Release|Any CPU
		{6D56761C-208A-484D-8660-6997A660D49E}.Release|x86.ActiveCfg = Release|Any CPU
		{6D56761C-208A-484D-8660-6997A660D49E}.Release|x86.Build.0 = Release|Any CPU
		{12AD21CE-AD1D-4543-9F6F-3971618DA554}.Debug|Any CPU.ActiveCfg = Debug|Any CPU
		{12AD21CE-AD1D-4543-9F6F-3971618DA554}.Debug|Any CPU.Build.0 = Debug|Any CPU
		{12AD21CE-AD1D-4543-9F6F-3971618DA554}.Debug|x64.ActiveCfg = Debug|Any CPU
		{12AD21CE-AD1D-4543-9F6F-3971618DA554}.Debug|x64.Build.0 = Debug|Any CPU
		{12AD21CE-AD1D-4543-9F6F-3971618DA554}.Debug|x86.ActiveCfg = Debug|Any CPU
		{12AD21CE-AD1D-4543-9F6F-3971618DA554}.Debug|x86.Build.0 = Debug|Any CPU
		{12AD21CE-AD1D-4543-9F6F-3971618DA554}.Release|Any CPU.ActiveCfg = Release|Any CPU
		{12AD21CE-AD1D-4543-9F6F-3971618DA554}.Release|Any CPU.Build.0 = Release|Any CPU
		{12AD21CE-AD1D-4543-9F6F-3971618DA554}.Release|x64.ActiveCfg = Release|Any CPU
		{12AD21CE-AD1D-4543-9F6F-3971618DA554}.Release|x64.Build.0 = Release|Any CPU
		{12AD21CE-AD1D-4543-9F6F-3971618DA554}.Release|x86.ActiveCfg = Release|Any CPU
		{12AD21CE-AD1D-4543-9F6F-3971618DA554}.Release|x86.Build.0 = Release|Any CPU
		{DD0FD3AE-27D0-44E1-886B-DD4AE2351483}.Debug|Any CPU.ActiveCfg = Debug|Any CPU
		{DD0FD3AE-27D0-44E1-886B-DD4AE2351483}.Debug|Any CPU.Build.0 = Debug|Any CPU
		{DD0FD3AE-27D0-44E1-886B-DD4AE2351483}.Debug|x64.ActiveCfg = Debug|Any CPU
		{DD0FD3AE-27D0-44E1-886B-DD4AE2351483}.Debug|x64.Build.0 = Debug|Any CPU
		{DD0FD3AE-27D0-44E1-886B-DD4AE2351483}.Debug|x86.ActiveCfg = Debug|Any CPU
		{DD0FD3AE-27D0-44E1-886B-DD4AE2351483}.Debug|x86.Build.0 = Debug|Any CPU
		{DD0FD3AE-27D0-44E1-886B-DD4AE2351483}.Release|Any CPU.ActiveCfg = Release|Any CPU
		{DD0FD3AE-27D0-44E1-886B-DD4AE2351483}.Release|Any CPU.Build.0 = Release|Any CPU
		{DD0FD3AE-27D0-44E1-886B-DD4AE2351483}.Release|x64.ActiveCfg = Release|Any CPU
		{DD0FD3AE-27D0-44E1-886B-DD4AE2351483}.Release|x64.Build.0 = Release|Any CPU
		{DD0FD3AE-27D0-44E1-886B-DD4AE2351483}.Release|x86.ActiveCfg = Release|Any CPU
		{DD0FD3AE-27D0-44E1-886B-DD4AE2351483}.Release|x86.Build.0 = Release|Any CPU
		{1205995C-E25B-40F7-BC97-317DB06A40CE}.Debug|Any CPU.ActiveCfg = Debug|Any CPU
		{1205995C-E25B-40F7-BC97-317DB06A40CE}.Debug|Any CPU.Build.0 = Debug|Any CPU
		{1205995C-E25B-40F7-BC97-317DB06A40CE}.Debug|x64.ActiveCfg = Debug|Any CPU
		{1205995C-E25B-40F7-BC97-317DB06A40CE}.Debug|x64.Build.0 = Debug|Any CPU
		{1205995C-E25B-40F7-BC97-317DB06A40CE}.Debug|x86.ActiveCfg = Debug|Any CPU
		{1205995C-E25B-40F7-BC97-317DB06A40CE}.Debug|x86.Build.0 = Debug|Any CPU
		{1205995C-E25B-40F7-BC97-317DB06A40CE}.Release|Any CPU.ActiveCfg = Release|Any CPU
		{1205995C-E25B-40F7-BC97-317DB06A40CE}.Release|Any CPU.Build.0 = Release|Any CPU
		{1205995C-E25B-40F7-BC97-317DB06A40CE}.Release|x64.ActiveCfg = Release|Any CPU
		{1205995C-E25B-40F7-BC97-317DB06A40CE}.Release|x64.Build.0 = Release|Any CPU
		{1205995C-E25B-40F7-BC97-317DB06A40CE}.Release|x86.ActiveCfg = Release|Any CPU
		{1205995C-E25B-40F7-BC97-317DB06A40CE}.Release|x86.Build.0 = Release|Any CPU
		{F7A41A23-1E89-46EF-8428-3001CC6C604B}.Debug|Any CPU.ActiveCfg = Debug|Any CPU
		{F7A41A23-1E89-46EF-8428-3001CC6C604B}.Debug|Any CPU.Build.0 = Debug|Any CPU
		{F7A41A23-1E89-46EF-8428-3001CC6C604B}.Debug|x64.ActiveCfg = Debug|Any CPU
		{F7A41A23-1E89-46EF-8428-3001CC6C604B}.Debug|x64.Build.0 = Debug|Any CPU
		{F7A41A23-1E89-46EF-8428-3001CC6C604B}.Debug|x86.ActiveCfg = Debug|Any CPU
		{F7A41A23-1E89-46EF-8428-3001CC6C604B}.Debug|x86.Build.0 = Debug|Any CPU
		{F7A41A23-1E89-46EF-8428-3001CC6C604B}.Release|Any CPU.ActiveCfg = Release|Any CPU
		{F7A41A23-1E89-46EF-8428-3001CC6C604B}.Release|Any CPU.Build.0 = Release|Any CPU
		{F7A41A23-1E89-46EF-8428-3001CC6C604B}.Release|x64.ActiveCfg = Release|Any CPU
		{F7A41A23-1E89-46EF-8428-3001CC6C604B}.Release|x64.Build.0 = Release|Any CPU
		{F7A41A23-1E89-46EF-8428-3001CC6C604B}.Release|x86.ActiveCfg = Release|Any CPU
		{F7A41A23-1E89-46EF-8428-3001CC6C604B}.Release|x86.Build.0 = Release|Any CPU
		{D1596633-B22A-42FD-A28D-B68359C6585E}.Debug|Any CPU.ActiveCfg = Debug|Any CPU
		{D1596633-B22A-42FD-A28D-B68359C6585E}.Debug|Any CPU.Build.0 = Debug|Any CPU
		{D1596633-B22A-42FD-A28D-B68359C6585E}.Debug|x64.ActiveCfg = Debug|Any CPU
		{D1596633-B22A-42FD-A28D-B68359C6585E}.Debug|x64.Build.0 = Debug|Any CPU
		{D1596633-B22A-42FD-A28D-B68359C6585E}.Debug|x86.ActiveCfg = Debug|Any CPU
		{D1596633-B22A-42FD-A28D-B68359C6585E}.Debug|x86.Build.0 = Debug|Any CPU
		{D1596633-B22A-42FD-A28D-B68359C6585E}.Release|Any CPU.ActiveCfg = Release|Any CPU
		{D1596633-B22A-42FD-A28D-B68359C6585E}.Release|Any CPU.Build.0 = Release|Any CPU
		{D1596633-B22A-42FD-A28D-B68359C6585E}.Release|x64.ActiveCfg = Release|Any CPU
		{D1596633-B22A-42FD-A28D-B68359C6585E}.Release|x64.Build.0 = Release|Any CPU
		{D1596633-B22A-42FD-A28D-B68359C6585E}.Release|x86.ActiveCfg = Release|Any CPU
		{D1596633-B22A-42FD-A28D-B68359C6585E}.Release|x86.Build.0 = Release|Any CPU
		{9112BC42-4CC9-41B4-8AA3-9602B546503C}.Debug|Any CPU.ActiveCfg = Debug|Any CPU
		{9112BC42-4CC9-41B4-8AA3-9602B546503C}.Debug|Any CPU.Build.0 = Debug|Any CPU
		{9112BC42-4CC9-41B4-8AA3-9602B546503C}.Debug|x64.ActiveCfg = Debug|Any CPU
		{9112BC42-4CC9-41B4-8AA3-9602B546503C}.Debug|x64.Build.0 = Debug|Any CPU
		{9112BC42-4CC9-41B4-8AA3-9602B546503C}.Debug|x86.ActiveCfg = Debug|Any CPU
		{9112BC42-4CC9-41B4-8AA3-9602B546503C}.Debug|x86.Build.0 = Debug|Any CPU
		{9112BC42-4CC9-41B4-8AA3-9602B546503C}.Release|Any CPU.ActiveCfg = Release|Any CPU
		{9112BC42-4CC9-41B4-8AA3-9602B546503C}.Release|Any CPU.Build.0 = Release|Any CPU
		{9112BC42-4CC9-41B4-8AA3-9602B546503C}.Release|x64.ActiveCfg = Release|Any CPU
		{9112BC42-4CC9-41B4-8AA3-9602B546503C}.Release|x64.Build.0 = Release|Any CPU
		{9112BC42-4CC9-41B4-8AA3-9602B546503C}.Release|x86.ActiveCfg = Release|Any CPU
		{9112BC42-4CC9-41B4-8AA3-9602B546503C}.Release|x86.Build.0 = Release|Any CPU
		{E2369E73-00CA-4EFE-A8E2-8D9832F356F2}.Debug|Any CPU.ActiveCfg = Debug|Any CPU
		{E2369E73-00CA-4EFE-A8E2-8D9832F356F2}.Debug|Any CPU.Build.0 = Debug|Any CPU
		{E2369E73-00CA-4EFE-A8E2-8D9832F356F2}.Debug|x64.ActiveCfg = Debug|Any CPU
		{E2369E73-00CA-4EFE-A8E2-8D9832F356F2}.Debug|x64.Build.0 = Debug|Any CPU
		{E2369E73-00CA-4EFE-A8E2-8D9832F356F2}.Debug|x86.ActiveCfg = Debug|Any CPU
		{E2369E73-00CA-4EFE-A8E2-8D9832F356F2}.Debug|x86.Build.0 = Debug|Any CPU
		{E2369E73-00CA-4EFE-A8E2-8D9832F356F2}.Release|Any CPU.ActiveCfg = Release|Any CPU
		{E2369E73-00CA-4EFE-A8E2-8D9832F356F2}.Release|Any CPU.Build.0 = Release|Any CPU
		{E2369E73-00CA-4EFE-A8E2-8D9832F356F2}.Release|x64.ActiveCfg = Release|Any CPU
		{E2369E73-00CA-4EFE-A8E2-8D9832F356F2}.Release|x64.Build.0 = Release|Any CPU
		{E2369E73-00CA-4EFE-A8E2-8D9832F356F2}.Release|x86.ActiveCfg = Release|Any CPU
		{E2369E73-00CA-4EFE-A8E2-8D9832F356F2}.Release|x86.Build.0 = Release|Any CPU
		{CFCACD82-6A4C-49CE-B610-6A6DDE45178B}.Debug|Any CPU.ActiveCfg = Debug|Any CPU
		{CFCACD82-6A4C-49CE-B610-6A6DDE45178B}.Debug|Any CPU.Build.0 = Debug|Any CPU
		{CFCACD82-6A4C-49CE-B610-6A6DDE45178B}.Debug|x64.ActiveCfg = Debug|Any CPU
		{CFCACD82-6A4C-49CE-B610-6A6DDE45178B}.Debug|x64.Build.0 = Debug|Any CPU
		{CFCACD82-6A4C-49CE-B610-6A6DDE45178B}.Debug|x86.ActiveCfg = Debug|Any CPU
		{CFCACD82-6A4C-49CE-B610-6A6DDE45178B}.Debug|x86.Build.0 = Debug|Any CPU
		{CFCACD82-6A4C-49CE-B610-6A6DDE45178B}.Release|Any CPU.ActiveCfg = Release|Any CPU
		{CFCACD82-6A4C-49CE-B610-6A6DDE45178B}.Release|Any CPU.Build.0 = Release|Any CPU
		{CFCACD82-6A4C-49CE-B610-6A6DDE45178B}.Release|x64.ActiveCfg = Release|Any CPU
		{CFCACD82-6A4C-49CE-B610-6A6DDE45178B}.Release|x64.Build.0 = Release|Any CPU
		{CFCACD82-6A4C-49CE-B610-6A6DDE45178B}.Release|x86.ActiveCfg = Release|Any CPU
		{CFCACD82-6A4C-49CE-B610-6A6DDE45178B}.Release|x86.Build.0 = Release|Any CPU
		{6F34E842-8E7A-4109-85B6-E6F9298BB570}.Debug|Any CPU.ActiveCfg = Debug|Any CPU
		{6F34E842-8E7A-4109-85B6-E6F9298BB570}.Debug|Any CPU.Build.0 = Debug|Any CPU
		{6F34E842-8E7A-4109-85B6-E6F9298BB570}.Debug|x64.ActiveCfg = Debug|Any CPU
		{6F34E842-8E7A-4109-85B6-E6F9298BB570}.Debug|x64.Build.0 = Debug|Any CPU
		{6F34E842-8E7A-4109-85B6-E6F9298BB570}.Debug|x86.ActiveCfg = Debug|Any CPU
		{6F34E842-8E7A-4109-85B6-E6F9298BB570}.Debug|x86.Build.0 = Debug|Any CPU
		{6F34E842-8E7A-4109-85B6-E6F9298BB570}.Release|Any CPU.ActiveCfg = Release|Any CPU
		{6F34E842-8E7A-4109-85B6-E6F9298BB570}.Release|Any CPU.Build.0 = Release|Any CPU
		{6F34E842-8E7A-4109-85B6-E6F9298BB570}.Release|x64.ActiveCfg = Release|Any CPU
		{6F34E842-8E7A-4109-85B6-E6F9298BB570}.Release|x64.Build.0 = Release|Any CPU
		{6F34E842-8E7A-4109-85B6-E6F9298BB570}.Release|x86.ActiveCfg = Release|Any CPU
		{6F34E842-8E7A-4109-85B6-E6F9298BB570}.Release|x86.Build.0 = Release|Any CPU
		{4D1C85F5-56AE-48FB-8A7D-22B8BC852175}.Debug|Any CPU.ActiveCfg = Debug|Any CPU
		{4D1C85F5-56AE-48FB-8A7D-22B8BC852175}.Debug|Any CPU.Build.0 = Debug|Any CPU
		{4D1C85F5-56AE-48FB-8A7D-22B8BC852175}.Debug|x64.ActiveCfg = Debug|Any CPU
		{4D1C85F5-56AE-48FB-8A7D-22B8BC852175}.Debug|x64.Build.0 = Debug|Any CPU
		{4D1C85F5-56AE-48FB-8A7D-22B8BC852175}.Debug|x86.ActiveCfg = Debug|Any CPU
		{4D1C85F5-56AE-48FB-8A7D-22B8BC852175}.Debug|x86.Build.0 = Debug|Any CPU
		{4D1C85F5-56AE-48FB-8A7D-22B8BC852175}.Release|Any CPU.ActiveCfg = Release|Any CPU
		{4D1C85F5-56AE-48FB-8A7D-22B8BC852175}.Release|Any CPU.Build.0 = Release|Any CPU
		{4D1C85F5-56AE-48FB-8A7D-22B8BC852175}.Release|x64.ActiveCfg = Release|Any CPU
		{4D1C85F5-56AE-48FB-8A7D-22B8BC852175}.Release|x64.Build.0 = Release|Any CPU
		{4D1C85F5-56AE-48FB-8A7D-22B8BC852175}.Release|x86.ActiveCfg = Release|Any CPU
		{4D1C85F5-56AE-48FB-8A7D-22B8BC852175}.Release|x86.Build.0 = Release|Any CPU
		{D40BCEAF-8616-4240-8F6B-7BB196FC9A5E}.Debug|Any CPU.ActiveCfg = Debug|Any CPU
		{D40BCEAF-8616-4240-8F6B-7BB196FC9A5E}.Debug|Any CPU.Build.0 = Debug|Any CPU
		{D40BCEAF-8616-4240-8F6B-7BB196FC9A5E}.Debug|x64.ActiveCfg = Debug|Any CPU
		{D40BCEAF-8616-4240-8F6B-7BB196FC9A5E}.Debug|x64.Build.0 = Debug|Any CPU
		{D40BCEAF-8616-4240-8F6B-7BB196FC9A5E}.Debug|x86.ActiveCfg = Debug|Any CPU
		{D40BCEAF-8616-4240-8F6B-7BB196FC9A5E}.Debug|x86.Build.0 = Debug|Any CPU
		{D40BCEAF-8616-4240-8F6B-7BB196FC9A5E}.Release|Any CPU.ActiveCfg = Release|Any CPU
		{D40BCEAF-8616-4240-8F6B-7BB196FC9A5E}.Release|Any CPU.Build.0 = Release|Any CPU
		{D40BCEAF-8616-4240-8F6B-7BB196FC9A5E}.Release|x64.ActiveCfg = Release|Any CPU
		{D40BCEAF-8616-4240-8F6B-7BB196FC9A5E}.Release|x64.Build.0 = Release|Any CPU
		{D40BCEAF-8616-4240-8F6B-7BB196FC9A5E}.Release|x86.ActiveCfg = Release|Any CPU
		{D40BCEAF-8616-4240-8F6B-7BB196FC9A5E}.Release|x86.Build.0 = Release|Any CPU
	EndGlobalSection
	GlobalSection(SolutionProperties) = preSolution
		HideSolutionNode = FALSE
	EndGlobalSection
	GlobalSection(NestedProjects) = preSolution
		{EE1A294F-459A-4C2A-B772-FAD636BDBFF4} = {827E0CD3-B72D-47B6-A68D-7590B98EB39B}
		{EA4DA45A-8E19-43DC-B88F-0E3BB0841609} = {827E0CD3-B72D-47B6-A68D-7590B98EB39B}
		{D8D75E35-07D1-46C1-A8F3-7B8DD76899E9} = {827E0CD3-B72D-47B6-A68D-7590B98EB39B}
		{19E7F23B-2E34-4531-92D1-65C16B46C83C} = {827E0CD3-B72D-47B6-A68D-7590B98EB39B}
		{9017B84A-FB9B-48A7-B6B9-DA2C6EDD688F} = {827E0CD3-B72D-47B6-A68D-7590B98EB39B}
		{32C364CC-3C71-4DC3-9A80-5A0B908BF0AB} = {827E0CD3-B72D-47B6-A68D-7590B98EB39B}
		{1E4C900E-35D7-406D-AFA1-5DE6EE605B03} = {827E0CD3-B72D-47B6-A68D-7590B98EB39B}
		{A4889049-A7D8-4775-BCF6-B62561A753DD} = {827E0CD3-B72D-47B6-A68D-7590B98EB39B}
		{C38C2055-C3AF-4440-B637-089EAD05F200} = {827E0CD3-B72D-47B6-A68D-7590B98EB39B}
		{CC9BED82-A368-403C-BFA9-44E1DEB53753} = {827E0CD3-B72D-47B6-A68D-7590B98EB39B}
		{741382EA-06F5-4108-AFD1-A6815ADB593C} = {827E0CD3-B72D-47B6-A68D-7590B98EB39B}
		{700AC723-F2B1-4363-AFFE-E8B506A7A501} = {827E0CD3-B72D-47B6-A68D-7590B98EB39B}
		{6272BDB4-536B-403D-87F2-74D6F2DD77F6} = {827E0CD3-B72D-47B6-A68D-7590B98EB39B}
		{12941F6A-B567-48DA-AF36-9758C48CAC2A} = {827E0CD3-B72D-47B6-A68D-7590B98EB39B}
		{19612DB8-EB55-4B3C-8670-CFEDE54D1C51} = {827E0CD3-B72D-47B6-A68D-7590B98EB39B}
		{F5AF0D39-C370-4809-B0A1-CB5F7DFFC1E5} = {827E0CD3-B72D-47B6-A68D-7590B98EB39B}
		{AB37FEB1-A76D-48A4-B8CA-36098976C10E} = {827E0CD3-B72D-47B6-A68D-7590B98EB39B}
		{77115778-AD8D-4E4B-B85C-00BC71A001BA} = {827E0CD3-B72D-47B6-A68D-7590B98EB39B}
		{9442C419-A68F-4D69-BCBF-0F160DEBEECE} = {827E0CD3-B72D-47B6-A68D-7590B98EB39B}
		{6D56761C-208A-484D-8660-6997A660D49E} = {827E0CD3-B72D-47B6-A68D-7590B98EB39B}
		{12AD21CE-AD1D-4543-9F6F-3971618DA554} = {827E0CD3-B72D-47B6-A68D-7590B98EB39B}
		{EC447DCF-ABFA-6E24-52A5-D7FD48A5C558} = {827E0CD3-B72D-47B6-A68D-7590B98EB39B}
		{0EC62A1A-9858-3A60-8A0C-FC9AACFA2EC7} = {EC447DCF-ABFA-6E24-52A5-D7FD48A5C558}
		{DD0FD3AE-27D0-44E1-886B-DD4AE2351483} = {0EC62A1A-9858-3A60-8A0C-FC9AACFA2EC7}
		{1205995C-E25B-40F7-BC97-317DB06A40CE} = {0EC62A1A-9858-3A60-8A0C-FC9AACFA2EC7}
		{F7A41A23-1E89-46EF-8428-3001CC6C604B} = {0EC62A1A-9858-3A60-8A0C-FC9AACFA2EC7}
		{D1596633-B22A-42FD-A28D-B68359C6585E} = {0EC62A1A-9858-3A60-8A0C-FC9AACFA2EC7}
		{9112BC42-4CC9-41B4-8AA3-9602B546503C} = {0AB3BF05-4346-4AA6-1389-037BE0695223}
		{E2369E73-00CA-4EFE-A8E2-8D9832F356F2} = {827E0CD3-B72D-47B6-A68D-7590B98EB39B}
		{7AD5252A-36DB-2D73-68F8-483A9FC97FCA} = {EC447DCF-ABFA-6E24-52A5-D7FD48A5C558}
		{CFCACD82-6A4C-49CE-B610-6A6DDE45178B} = {7AD5252A-36DB-2D73-68F8-483A9FC97FCA}
		{6F34E842-8E7A-4109-85B6-E6F9298BB570} = {0EC62A1A-9858-3A60-8A0C-FC9AACFA2EC7}
		{A5184081-C298-9467-D182-E9016AE72437} = {EC447DCF-ABFA-6E24-52A5-D7FD48A5C558}
		{4D1C85F5-56AE-48FB-8A7D-22B8BC852175} = {A5184081-C298-9467-D182-E9016AE72437}
		{4C6BDAE4-8D09-3162-71E4-914813D2EA71} = {EC447DCF-ABFA-6E24-52A5-D7FD48A5C558}
		{D40BCEAF-8616-4240-8F6B-7BB196FC9A5E} = {4C6BDAE4-8D09-3162-71E4-914813D2EA71}
	EndGlobalSection
	GlobalSection(ExtensibilityGlobals) = postSolution
		SolutionGuid = {80B4A5A1-3126-4C83-94A7-6FDBEB3B250D}
	EndGlobalSection
EndGlobal
